Microsoft Visual Studio Solution File, Format Version 12.00
# Visual Studio Version 17
VisualStudioVersion = 17.5.2.0
MinimumVisualStudioVersion = 10.0.40219.1
Project("{FAE04EC0-301F-11D3-BF4B-00C04F79EFBC}") = "DichVuThuCungKVH", "DichVuThuCungKVH.csproj", "{94FA685D-C74F-EAC0-D029-268D83EAA38F}"
EndProject
Global
	GlobalSection(SolutionConfigurationPlatforms) = preSolution
		Debug|Any CPU = Debug|Any CPU
		Release|Any CPU = Release|Any CPU
	EndGlobalSection
	GlobalSection(ProjectConfigurationPlatforms) = postSolution
		{94FA685D-C74F-EAC0-D029-268D83EAA38F}.Debug|Any CPU.ActiveCfg = Debug|Any CPU
		{94FA685D-C74F-EAC0-D029-268D83EAA38F}.Debug|Any CPU.Build.0 = Debug|Any CPU
		{94FA685D-C74F-EAC0-D029-268D83EAA38F}.Release|Any CPU.ActiveCfg = Release|Any CPU
		{94FA685D-C74F-EAC0-D029-268D83EAA38F}.Release|Any CPU.Build.0 = Release|Any CPU
	EndGlobalSection
	GlobalSection(SolutionProperties) = preSolution
		HideSolutionNode = FALSE
	EndGlobalSection
	GlobalSection(ExtensibilityGlobals) = postSolution
		SolutionGuid = {D95B2A72-8FBA-40C7-A126-B67F699D69A5}
	EndGlobalSection
EndGlobal
